
Microsoft Visual Studio Solution File, Format Version 12.00
# Visual Studio Version 17
VisualStudioVersion = 17.0.31903.59
MinimumVisualStudioVersion = 10.0.40219.1
Project("{FAE04EC0-301F-11D3-BF4B-00C04F79EFBC}") = "Text", "Text\Text.csproj", "{33E80126-04E7-46C7-AC5A-FF5B5C9AA2DC}"
EndProject
Project("{FAE04EC0-301F-11D3-BF4B-00C04F79EFBC}") = "Text.Tests", "Text.Tests\Text.Tests.csproj", "{9C5F06BB-1EB4-4BC2-ABDE-9548F0CBF911}"
EndProject
Global
	GlobalSection(SolutionConfigurationPlatforms) = preSolution
		Debug|Any CPU = Debug|Any CPU
		Debug|x64 = Debug|x64
		Debug|x86 = Debug|x86
		Release|Any CPU = Release|Any CPU
		Release|x64 = Release|x64
		Release|x86 = Release|x86
	EndGlobalSection
	GlobalSection(ProjectConfigurationPlatforms) = postSolution
		{33E80126-04E7-46C7-AC5A-FF5B5C9AA2DC}.Debug|Any CPU.ActiveCfg = Debug|Any CPU
		{33E80126-04E7-46C7-AC5A-FF5B5C9AA2DC}.Debug|Any CPU.Build.0 = Debug|Any CPU
		{33E80126-04E7-46C7-AC5A-FF5B5C9AA2DC}.Debug|x64.ActiveCfg = Debug|Any CPU
		{33E80126-04E7-46C7-AC5A-FF5B5C9AA2DC}.Debug|x64.Build.0 = Debug|Any CPU
		{33E80126-04E7-46C7-AC5A-FF5B5C9AA2DC}.Debug|x86.ActiveCfg = Debug|Any CPU
		{33E80126-04E7-46C7-AC5A-FF5B5C9AA2DC}.Debug|x86.Build.0 = Debug|Any CPU
		{33E80126-04E7-46C7-AC5A-FF5B5C9AA2DC}.Release|Any CPU.ActiveCfg = Release|Any CPU
		{33E80126-04E7-46C7-AC5A-FF5B5C9AA2DC}.Release|Any CPU.Build.0 = Release|Any CPU
		{33E80126-04E7-46C7-AC5A-FF5B5C9AA2DC}.Release|x64.ActiveCfg = Release|Any CPU
		{33E80126-04E7-46C7-AC5A-FF5B5C9AA2DC}.Release|x64.Build.0 = Release|Any CPU
		{33E80126-04E7-46C7-AC5A-FF5B5C9AA2DC}.Release|x86.ActiveCfg = Release|Any CPU
		{33E80126-04E7-46C7-AC5A-FF5B5C9AA2DC}.Release|x86.Build.0 = Release|Any CPU
		{9C5F06BB-1EB4-4BC2-ABDE-9548F0CBF911}.Debug|Any CPU.ActiveCfg = Debug|Any CPU
		{9C5F06BB-1EB4-4BC2-ABDE-9548F0CBF911}.Debug|Any CPU.Build.0 = Debug|Any CPU
		{9C5F06BB-1EB4-4BC2-ABDE-9548F0CBF911}.Debug|x64.ActiveCfg = Debug|Any CPU
		{9C5F06BB-1EB4-4BC2-ABDE-9548F0CBF911}.Debug|x64.Build.0 = Debug|Any CPU
		{9C5F06BB-1EB4-4BC2-ABDE-9548F0CBF911}.Debug|x86.ActiveCfg = Debug|Any CPU
		{9C5F06BB-1EB4-4BC2-ABDE-9548F0CBF911}.Debug|x86.Build.0 = Debug|Any CPU
		{9C5F06BB-1EB4-4BC2-ABDE-9548F0CBF911}.Release|Any CPU.ActiveCfg = Release|Any CPU
		{9C5F06BB-1EB4-4BC2-ABDE-9548F0CBF911}.Release|Any CPU.Build.0 = Release|Any CPU
		{9C5F06BB-1EB4-4BC2-ABDE-9548F0CBF911}.Release|x64.ActiveCfg = Release|Any CPU
		{9C5F06BB-1EB4-4BC2-ABDE-9548F0CBF911}.Release|x64.Build.0 = Release|Any CPU
		{9C5F06BB-1EB4-4BC2-ABDE-9548F0CBF911}.Release|x86.ActiveCfg = Release|Any CPU
		{9C5F06BB-1EB4-4BC2-ABDE-9548F0CBF911}.Release|x86.Build.0 = Release|Any CPU
	EndGlobalSection
	GlobalSection(SolutionProperties) = preSolution
		HideSolutionNode = FALSE
	EndGlobalSection
EndGlobal
